
Microsoft Visual Studio Solution File, Format Version 12.00
# Visual Studio Version 16
VisualStudioVersion = 16.0.31112.23
MinimumVisualStudioVersion = 10.0.40219.1
Project("{2150E333-8FDC-42A3-9474-1A3956D46DE8}") = "1 - service", "1 - service", "{9EF20E72-B3B7-4000-B374-89836843DCAE}"
EndProject
Project("{2150E333-8FDC-42A3-9474-1A3956D46DE8}") = "2 - domain", "2 - domain", "{3608F340-3D80-4A00-A9AF-C0622973969A}"
EndProject
Project("{2150E333-8FDC-42A3-9474-1A3956D46DE8}") = "3 - infra", "3 - infra", "{C3A29A5D-7AA3-4F3E-804E-1EC677B5F4B3}"
EndProject
Project("{9A19103F-16F7-4668-BE54-9A1E7A4F7556}") = "GoBolao.Infra.Data", "src\3 - infra\GoBolao.Infra.Data\GoBolao.Infra.Data.csproj", "{3518DFFC-9D32-4F73-88DD-D9BDCAC4820C}"
EndProject
Project("{9A19103F-16F7-4668-BE54-9A1E7A4F7556}") = "GoBolao.Domain.Usuarios", "src\2 - domain\GoBolao.Domain.Usuarios\GoBolao.Domain.Usuarios.csproj", "{31741DC7-AE90-4BF6-8B5F-B53DBD036B16}"
EndProject
Project("{9A19103F-16F7-4668-BE54-9A1E7A4F7556}") = "GoBolao.Domain.Shared", "src\2 - domain\GoBolao.Domain.Shared\GoBolao.Domain.Shared.csproj", "{7C7742A7-906B-42F7-BD96-6CBCB5DB774E}"
EndProject
Project("{9A19103F-16F7-4668-BE54-9A1E7A4F7556}") = "GoBolao.Infra.CrossCuting.IOC", "src\3 - infra\GoBolao.Infra.CrossCuting.IOC\GoBolao.Infra.CrossCuting.IOC.csproj", "{8A0CA72E-22A7-4B54-820A-9D2E39241633}"
EndProject
Project("{9A19103F-16F7-4668-BE54-9A1E7A4F7556}") = "GoBolao.Service.API", "src\1 - service\GoBolao.Service.API\GoBolao.Service.API.csproj", "{041E676A-3604-4AC7-9B33-7D0BD7947AC5}"
EndProject
Project("{FAE04EC0-301F-11D3-BF4B-00C04F79EFBC}") = "GoBolao.Infra.Criptografia", "src\3 - infra\GoBolao.Infra.Criptografia\GoBolao.Infra.Criptografia.csproj", "{355B5013-88C9-48DB-BA38-7C485202690C}"
EndProject
Global
	GlobalSection(SolutionConfigurationPlatforms) = preSolution
		Debug|Any CPU = Debug|Any CPU
		Release|Any CPU = Release|Any CPU
	EndGlobalSection
	GlobalSection(ProjectConfigurationPlatforms) = postSolution
		{3518DFFC-9D32-4F73-88DD-D9BDCAC4820C}.Debug|Any CPU.ActiveCfg = Debug|Any CPU
		{3518DFFC-9D32-4F73-88DD-D9BDCAC4820C}.Debug|Any CPU.Build.0 = Debug|Any CPU
		{3518DFFC-9D32-4F73-88DD-D9BDCAC4820C}.Release|Any CPU.ActiveCfg = Release|Any CPU
		{3518DFFC-9D32-4F73-88DD-D9BDCAC4820C}.Release|Any CPU.Build.0 = Release|Any CPU
		{31741DC7-AE90-4BF6-8B5F-B53DBD036B16}.Debug|Any CPU.ActiveCfg = Debug|Any CPU
		{31741DC7-AE90-4BF6-8B5F-B53DBD036B16}.Debug|Any CPU.Build.0 = Debug|Any CPU
		{31741DC7-AE90-4BF6-8B5F-B53DBD036B16}.Release|Any CPU.ActiveCfg = Release|Any CPU
		{31741DC7-AE90-4BF6-8B5F-B53DBD036B16}.Release|Any CPU.Build.0 = Release|Any CPU
		{7C7742A7-906B-42F7-BD96-6CBCB5DB774E}.Debug|Any CPU.ActiveCfg = Debug|Any CPU
		{7C7742A7-906B-42F7-BD96-6CBCB5DB774E}.Debug|Any CPU.Build.0 = Debug|Any CPU
		{7C7742A7-906B-42F7-BD96-6CBCB5DB774E}.Release|Any CPU.ActiveCfg = Release|Any CPU
		{7C7742A7-906B-42F7-BD96-6CBCB5DB774E}.Release|Any CPU.Build.0 = Release|Any CPU
		{8A0CA72E-22A7-4B54-820A-9D2E39241633}.Debug|Any CPU.ActiveCfg = Debug|Any CPU
		{8A0CA72E-22A7-4B54-820A-9D2E39241633}.Debug|Any CPU.Build.0 = Debug|Any CPU
		{8A0CA72E-22A7-4B54-820A-9D2E39241633}.Release|Any CPU.ActiveCfg = Release|Any CPU
		{8A0CA72E-22A7-4B54-820A-9D2E39241633}.Release|Any CPU.Build.0 = Release|Any CPU
		{041E676A-3604-4AC7-9B33-7D0BD7947AC5}.Debug|Any CPU.ActiveCfg = Debug|Any CPU
		{041E676A-3604-4AC7-9B33-7D0BD7947AC5}.Debug|Any CPU.Build.0 = Debug|Any CPU
		{041E676A-3604-4AC7-9B33-7D0BD7947AC5}.Release|Any CPU.ActiveCfg = Release|Any CPU
		{041E676A-3604-4AC7-9B33-7D0BD7947AC5}.Release|Any CPU.Build.0 = Release|Any CPU
		{355B5013-88C9-48DB-BA38-7C485202690C}.Debug|Any CPU.ActiveCfg = Debug|Any CPU
		{355B5013-88C9-48DB-BA38-7C485202690C}.Debug|Any CPU.Build.0 = Debug|Any CPU
		{355B5013-88C9-48DB-BA38-7C485202690C}.Release|Any CPU.ActiveCfg = Release|Any CPU
		{355B5013-88C9-48DB-BA38-7C485202690C}.Release|Any CPU.Build.0 = Release|Any CPU
	EndGlobalSection
	GlobalSection(SolutionProperties) = preSolution
		HideSolutionNode = FALSE
	EndGlobalSection
	GlobalSection(NestedProjects) = preSolution
		{3518DFFC-9D32-4F73-88DD-D9BDCAC4820C} = {C3A29A5D-7AA3-4F3E-804E-1EC677B5F4B3}
		{31741DC7-AE90-4BF6-8B5F-B53DBD036B16} = {3608F340-3D80-4A00-A9AF-C0622973969A}
		{7C7742A7-906B-42F7-BD96-6CBCB5DB774E} = {3608F340-3D80-4A00-A9AF-C0622973969A}
		{8A0CA72E-22A7-4B54-820A-9D2E39241633} = {C3A29A5D-7AA3-4F3E-804E-1EC677B5F4B3}
		{041E676A-3604-4AC7-9B33-7D0BD7947AC5} = {9EF20E72-B3B7-4000-B374-89836843DCAE}
		{355B5013-88C9-48DB-BA38-7C485202690C} = {C3A29A5D-7AA3-4F3E-804E-1EC677B5F4B3}
	EndGlobalSection
	GlobalSection(ExtensibilityGlobals) = postSolution
		SolutionGuid = {78667021-D764-45B6-9868-5FA3ECC5F2B4}
	EndGlobalSection
EndGlobal
